
Microsoft Visual Studio Solution File, Format Version 12.00
# Visual Studio Version 17
VisualStudioVersion = 17.13.35919.96 d17.13
MinimumVisualStudioVersion = 10.0.40219.1
Project("{FAE04EC0-301F-11D3-BF4B-00C04F79EFBC}") = "TaskManagementAPI", "TaskManagementAPI\TaskManagementAPI.csproj", "{99DB042F-63CC-421E-AB26-3BD09FBAE586}"
EndProject
Global
	GlobalSection(SolutionConfigurationPlatforms) = preSolution
		Debug|Any CPU = Debug|Any CPU
		Release|Any CPU = Release|Any CPU
	EndGlobalSection
	GlobalSection(ProjectConfigurationPlatforms) = postSolution
		{99DB042F-63CC-421E-AB26-3BD09FBAE586}.Debug|Any CPU.ActiveCfg = Debug|Any CPU
		{99DB042F-63CC-421E-AB26-3BD09FBAE586}.Debug|Any CPU.Build.0 = Debug|Any CPU
		{99DB042F-63CC-421E-AB26-3BD09FBAE586}.Release|Any CPU.ActiveCfg = Release|Any CPU
		{99DB042F-63CC-421E-AB26-3BD09FBAE586}.Release|Any CPU.Build.0 = Release|Any CPU
	EndGlobalSection
	GlobalSection(SolutionProperties) = preSolution
		HideSolutionNode = FALSE
	EndGlobalSection
	GlobalSection(ExtensibilityGlobals) = postSolution
		SolutionGuid = {DB5D349F-8B1B-4B22-8660-E056BBA14B11}
	EndGlobalSection
EndGlobal
